
Microsoft Visual Studio Solution File, Format Version 12.00
# Visual Studio 15
VisualStudioVersion = 15.0.26124.0
MinimumVisualStudioVersion = 15.0.26124.0
Project("{FAE04EC0-301F-11D3-BF4B-00C04F79EFBC}") = "InMemoryCacheApi", "InMemoryCacheApi\InMemoryCacheApi.csproj", "{2ECA1693-11FE-4B8D-B85F-0D7509C9BDAD}"
EndProject
Project("{FAE04EC0-301F-11D3-BF4B-00C04F79EFBC}") = "InMemoryCacheTests", "InMemoryCacheTests\InMemoryCacheTests.csproj", "{F012FF30-1A86-4010-B67C-4986D50F0ED8}"
EndProject
Global
	GlobalSection(SolutionConfigurationPlatforms) = preSolution
		Debug|Any CPU = Debug|Any CPU
		Debug|x64 = Debug|x64
		Debug|x86 = Debug|x86
		Release|Any CPU = Release|Any CPU
		Release|x64 = Release|x64
		Release|x86 = Release|x86
	EndGlobalSection
	GlobalSection(SolutionProperties) = preSolution
		HideSolutionNode = FALSE
	EndGlobalSection
	GlobalSection(ProjectConfigurationPlatforms) = postSolution
		{2ECA1693-11FE-4B8D-B85F-0D7509C9BDAD}.Debug|Any CPU.ActiveCfg = Debug|Any CPU
		{2ECA1693-11FE-4B8D-B85F-0D7509C9BDAD}.Debug|Any CPU.Build.0 = Debug|Any CPU
		{2ECA1693-11FE-4B8D-B85F-0D7509C9BDAD}.Debug|x64.ActiveCfg = Debug|Any CPU
		{2ECA1693-11FE-4B8D-B85F-0D7509C9BDAD}.Debug|x64.Build.0 = Debug|Any CPU
		{2ECA1693-11FE-4B8D-B85F-0D7509C9BDAD}.Debug|x86.ActiveCfg = Debug|Any CPU
		{2ECA1693-11FE-4B8D-B85F-0D7509C9BDAD}.Debug|x86.Build.0 = Debug|Any CPU
		{2ECA1693-11FE-4B8D-B85F-0D7509C9BDAD}.Release|Any CPU.ActiveCfg = Release|Any CPU
		{2ECA1693-11FE-4B8D-B85F-0D7509C9BDAD}.Release|Any CPU.Build.0 = Release|Any CPU
		{2ECA1693-11FE-4B8D-B85F-0D7509C9BDAD}.Release|x64.ActiveCfg = Release|Any CPU
		{2ECA1693-11FE-4B8D-B85F-0D7509C9BDAD}.Release|x64.Build.0 = Release|Any CPU
		{2ECA1693-11FE-4B8D-B85F-0D7509C9BDAD}.Release|x86.ActiveCfg = Release|Any CPU
		{2ECA1693-11FE-4B8D-B85F-0D7509C9BDAD}.Release|x86.Build.0 = Release|Any CPU
		{F012FF30-1A86-4010-B67C-4986D50F0ED8}.Debug|Any CPU.ActiveCfg = Debug|Any CPU
		{F012FF30-1A86-4010-B67C-4986D50F0ED8}.Debug|Any CPU.Build.0 = Debug|Any CPU
		{F012FF30-1A86-4010-B67C-4986D50F0ED8}.Debug|x64.ActiveCfg = Debug|Any CPU
		{F012FF30-1A86-4010-B67C-4986D50F0ED8}.Debug|x64.Build.0 = Debug|Any CPU
		{F012FF30-1A86-4010-B67C-4986D50F0ED8}.Debug|x86.ActiveCfg = Debug|Any CPU
		{F012FF30-1A86-4010-B67C-4986D50F0ED8}.Debug|x86.Build.0 = Debug|Any CPU
		{F012FF30-1A86-4010-B67C-4986D50F0ED8}.Release|Any CPU.ActiveCfg = Release|Any CPU
		{F012FF30-1A86-4010-B67C-4986D50F0ED8}.Release|Any CPU.Build.0 = Release|Any CPU
		{F012FF30-1A86-4010-B67C-4986D50F0ED8}.Release|x64.ActiveCfg = Release|Any CPU
		{F012FF30-1A86-4010-B67C-4986D50F0ED8}.Release|x64.Build.0 = Release|Any CPU
		{F012FF30-1A86-4010-B67C-4986D50F0ED8}.Release|x86.ActiveCfg = Release|Any CPU
		{F012FF30-1A86-4010-B67C-4986D50F0ED8}.Release|x86.Build.0 = Release|Any CPU
	EndGlobalSection
EndGlobal
